
Microsoft Visual Studio Solution File, Format Version 12.00
# Visual Studio Version 17
VisualStudioVersion = 17.4.33403.182
MinimumVisualStudioVersion = 10.0.40219.1
Project("{FAE04EC0-301F-11D3-BF4B-00C04F79EFBC}") = "NNDSA-Sem01", "NNDSA-Sem01\NNDSA-Sem01.csproj", "{DE610D6E-6C0E-4418-B4CC-CC80ACF18683}"
EndProject
Global
	GlobalSection(SolutionConfigurationPlatforms) = preSolution
		Debug|Any CPU = Debug|Any CPU
		Release|Any CPU = Release|Any CPU
	EndGlobalSection
	GlobalSection(ProjectConfigurationPlatforms) = postSolution
		{DE610D6E-6C0E-4418-B4CC-CC80ACF18683}.Debug|Any CPU.ActiveCfg = Debug|Any CPU
		{DE610D6E-6C0E-4418-B4CC-CC80ACF18683}.Debug|Any CPU.Build.0 = Debug|Any CPU
		{DE610D6E-6C0E-4418-B4CC-CC80ACF18683}.Release|Any CPU.ActiveCfg = Release|Any CPU
		{DE610D6E-6C0E-4418-B4CC-CC80ACF18683}.Release|Any CPU.Build.0 = Release|Any CPU
	EndGlobalSection
	GlobalSection(SolutionProperties) = preSolution
		HideSolutionNode = FALSE
	EndGlobalSection
	GlobalSection(ExtensibilityGlobals) = postSolution
		SolutionGuid = {2810B6D2-FA9B-460B-B943-D1F3B9D284D7}
	EndGlobalSection
EndGlobal
